
Microsoft Visual Studio Solution File, Format Version 12.00
# Visual Studio Version 16
VisualStudioVersion = 16.0.31911.196
MinimumVisualStudioVersion = 10.0.40219.1
Project("{9A19103F-16F7-4668-BE54-9A1E7A4F7556}") = "API", "API\API.csproj", "{1BBB5381-9F21-426A-8819-C6953BA2207B}"
EndProject
Project("{9A19103F-16F7-4668-BE54-9A1E7A4F7556}") = "Domain", "Domain\Domain.csproj", "{B8685CF1-2085-4B98-BE98-01E6E13E6DFF}"
EndProject
Project("{9A19103F-16F7-4668-BE54-9A1E7A4F7556}") = "Testes", "Testes\Testes.csproj", "{DA973397-10BE-4087-8D3C-CFA0AC7EF5FC}"
EndProject
Project("{9A19103F-16F7-4668-BE54-9A1E7A4F7556}") = "Shared", "Shared\Shared.csproj", "{A16EC5FD-CCDF-4A8D-B2B1-05B79C594CDA}"
EndProject
Project("{9A19103F-16F7-4668-BE54-9A1E7A4F7556}") = "Repository", "Repository\Repository.csproj", "{B965F28A-471F-41FD-9D27-7209570AB75D}"
EndProject
Global
	GlobalSection(SolutionConfigurationPlatforms) = preSolution
		Debug|Any CPU = Debug|Any CPU
		Release|Any CPU = Release|Any CPU
	EndGlobalSection
	GlobalSection(ProjectConfigurationPlatforms) = postSolution
		{1BBB5381-9F21-426A-8819-C6953BA2207B}.Debug|Any CPU.ActiveCfg = Debug|Any CPU
		{1BBB5381-9F21-426A-8819-C6953BA2207B}.Debug|Any CPU.Build.0 = Debug|Any CPU
		{1BBB5381-9F21-426A-8819-C6953BA2207B}.Release|Any CPU.ActiveCfg = Release|Any CPU
		{1BBB5381-9F21-426A-8819-C6953BA2207B}.Release|Any CPU.Build.0 = Release|Any CPU
		{B8685CF1-2085-4B98-BE98-01E6E13E6DFF}.Debug|Any CPU.ActiveCfg = Debug|Any CPU
		{B8685CF1-2085-4B98-BE98-01E6E13E6DFF}.Debug|Any CPU.Build.0 = Debug|Any CPU
		{B8685CF1-2085-4B98-BE98-01E6E13E6DFF}.Release|Any CPU.ActiveCfg = Release|Any CPU
		{B8685CF1-2085-4B98-BE98-01E6E13E6DFF}.Release|Any CPU.Build.0 = Release|Any CPU
		{DA973397-10BE-4087-8D3C-CFA0AC7EF5FC}.Debug|Any CPU.ActiveCfg = Debug|Any CPU
		{DA973397-10BE-4087-8D3C-CFA0AC7EF5FC}.Debug|Any CPU.Build.0 = Debug|Any CPU
		{DA973397-10BE-4087-8D3C-CFA0AC7EF5FC}.Release|Any CPU.ActiveCfg = Release|Any CPU
		{DA973397-10BE-4087-8D3C-CFA0AC7EF5FC}.Release|Any CPU.Build.0 = Release|Any CPU
		{A16EC5FD-CCDF-4A8D-B2B1-05B79C594CDA}.Debug|Any CPU.ActiveCfg = Debug|Any CPU
		{A16EC5FD-CCDF-4A8D-B2B1-05B79C594CDA}.Debug|Any CPU.Build.0 = Debug|Any CPU
		{A16EC5FD-CCDF-4A8D-B2B1-05B79C594CDA}.Release|Any CPU.ActiveCfg = Release|Any CPU
		{A16EC5FD-CCDF-4A8D-B2B1-05B79C594CDA}.Release|Any CPU.Build.0 = Release|Any CPU
		{B965F28A-471F-41FD-9D27-7209570AB75D}.Debug|Any CPU.ActiveCfg = Debug|Any CPU
		{B965F28A-471F-41FD-9D27-7209570AB75D}.Debug|Any CPU.Build.0 = Debug|Any CPU
		{B965F28A-471F-41FD-9D27-7209570AB75D}.Release|Any CPU.ActiveCfg = Release|Any CPU
		{B965F28A-471F-41FD-9D27-7209570AB75D}.Release|Any CPU.Build.0 = Release|Any CPU
	EndGlobalSection
	GlobalSection(SolutionProperties) = preSolution
		HideSolutionNode = FALSE
	EndGlobalSection
	GlobalSection(ExtensibilityGlobals) = postSolution
		SolutionGuid = {26A1D188-483A-48F0-8417-00169FFCCE35}
	EndGlobalSection
EndGlobal
